
Microsoft Visual Studio Solution File, Format Version 12.00
Project("{FAE04EC0-301F-11D3-BF4B-00C04F79EFBC}") = "ADONetDemo", "ADONetDemo.csproj", "{77729154-C700-4793-AAEA-3D75D0996513}"
EndProject
Global
	GlobalSection(SolutionConfigurationPlatforms) = preSolution
		Debug|Any CPU = Debug|Any CPU
		Release|Any CPU = Release|Any CPU
	EndGlobalSection
	GlobalSection(ProjectConfigurationPlatforms) = postSolution
		{77729154-C700-4793-AAEA-3D75D0996513}.Debug|Any CPU.ActiveCfg = Debug|Any CPU
		{77729154-C700-4793-AAEA-3D75D0996513}.Debug|Any CPU.Build.0 = Debug|Any CPU
		{77729154-C700-4793-AAEA-3D75D0996513}.Release|Any CPU.ActiveCfg = Release|Any CPU
		{77729154-C700-4793-AAEA-3D75D0996513}.Release|Any CPU.Build.0 = Release|Any CPU
	EndGlobalSection
EndGlobal
